
Microsoft Visual Studio Solution File, Format Version 12.00
# Visual Studio Version 17
VisualStudioVersion = 17.2.32505.173
MinimumVisualStudioVersion = 10.0.40219.1
Project("{8BC9CEB8-8B4A-11D0-8D11-00A0C91BC942}") = "BlackJack", "BlackJack\BlackJack.vcxproj", "{C56B7DDC-A4ED-45C3-B648-96567C0303BC}"
EndProject
Global
	GlobalSection(SolutionConfigurationPlatforms) = preSolution
		Debug|x64 = Debug|x64
		Debug|x86 = Debug|x86
		Release|x64 = Release|x64
		Release|x86 = Release|x86
	EndGlobalSection
	GlobalSection(ProjectConfigurationPlatforms) = postSolution
		{C56B7DDC-A4ED-45C3-B648-96567C0303BC}.Debug|x64.ActiveCfg = Debug|x64
		{C56B7DDC-A4ED-45C3-B648-96567C0303BC}.Debug|x64.Build.0 = Debug|x64
		{C56B7DDC-A4ED-45C3-B648-96567C0303BC}.Debug|x86.ActiveCfg = Debug|Win32
		{C56B7DDC-A4ED-45C3-B648-96567C0303BC}.Debug|x86.Build.0 = Debug|Win32
		{C56B7DDC-A4ED-45C3-B648-96567C0303BC}.Release|x64.ActiveCfg = Release|x64
		{C56B7DDC-A4ED-45C3-B648-96567C0303BC}.Release|x64.Build.0 = Release|x64
		{C56B7DDC-A4ED-45C3-B648-96567C0303BC}.Release|x86.ActiveCfg = Release|Win32
		{C56B7DDC-A4ED-45C3-B648-96567C0303BC}.Release|x86.Build.0 = Release|Win32
	EndGlobalSection
	GlobalSection(SolutionProperties) = preSolution
		HideSolutionNode = FALSE
	EndGlobalSection
	GlobalSection(ExtensibilityGlobals) = postSolution
		SolutionGuid = {14A6426B-4097-434E-8131-A7209B5B4570}
	EndGlobalSection
EndGlobal
